
Microsoft Visual Studio Solution File, Format Version 12.00
# Visual Studio Version 16
VisualStudioVersion = 16.0.30204.135
MinimumVisualStudioVersion = 10.0.40219.1
Project("{FAE04EC0-301F-11D3-BF4B-00C04F79EFBC}") = "CursoMVC", "CursoMVC\CursoMVC.csproj", "{FD471404-40F7-40BA-A58C-76BA0F7FC4BC}"
EndProject
Global
	GlobalSection(SolutionConfigurationPlatforms) = preSolution
		Debug|Any CPU = Debug|Any CPU
		Release|Any CPU = Release|Any CPU
	EndGlobalSection
	GlobalSection(ProjectConfigurationPlatforms) = postSolution
		{FD471404-40F7-40BA-A58C-76BA0F7FC4BC}.Debug|Any CPU.ActiveCfg = Debug|Any CPU
		{FD471404-40F7-40BA-A58C-76BA0F7FC4BC}.Debug|Any CPU.Build.0 = Debug|Any CPU
		{FD471404-40F7-40BA-A58C-76BA0F7FC4BC}.Release|Any CPU.ActiveCfg = Release|Any CPU
		{FD471404-40F7-40BA-A58C-76BA0F7FC4BC}.Release|Any CPU.Build.0 = Release|Any CPU
	EndGlobalSection
	GlobalSection(SolutionProperties) = preSolution
		HideSolutionNode = FALSE
	EndGlobalSection
	GlobalSection(ExtensibilityGlobals) = postSolution
		SolutionGuid = {DADF47FA-1C20-47D5-902B-517C2E748561}
	EndGlobalSection
EndGlobal
